
Microsoft Visual Studio Solution File, Format Version 12.00
# Visual Studio Version 16
VisualStudioVersion = 16.0.30225.117
MinimumVisualStudioVersion = 10.0.40219.1
Project("{FAE04EC0-301F-11D3-BF4B-00C04F79EFBC}") = "CS19_P06_mini_DCS", "CS19_P06_mini_DCS.csproj", "{A9DAFABC-8B18-43ED-A594-3ABC0D68481B}"
EndProject
Global
	GlobalSection(SolutionConfigurationPlatforms) = preSolution
		Debug|Any CPU = Debug|Any CPU
		Release|Any CPU = Release|Any CPU
	EndGlobalSection
	GlobalSection(ProjectConfigurationPlatforms) = postSolution
		{A9DAFABC-8B18-43ED-A594-3ABC0D68481B}.Debug|Any CPU.ActiveCfg = Debug|Any CPU
		{A9DAFABC-8B18-43ED-A594-3ABC0D68481B}.Debug|Any CPU.Build.0 = Debug|Any CPU
		{A9DAFABC-8B18-43ED-A594-3ABC0D68481B}.Release|Any CPU.ActiveCfg = Release|Any CPU
		{A9DAFABC-8B18-43ED-A594-3ABC0D68481B}.Release|Any CPU.Build.0 = Release|Any CPU
	EndGlobalSection
	GlobalSection(SolutionProperties) = preSolution
		HideSolutionNode = FALSE
	EndGlobalSection
	GlobalSection(ExtensibilityGlobals) = postSolution
		SolutionGuid = {FD092FA3-92B9-4C1D-9C67-A29680796125}
	EndGlobalSection
EndGlobal
